Microsoft Visual Studio Solution File, Format Version 12.00
# Visual Studio Version 17
VisualStudioVersion = 17.5.2.0
MinimumVisualStudioVersion = 10.0.40219.1
Project("{2150E333-8FDC-42A3-9474-1A3956D46DE8}") = "services", "services", "{5854FF58-B8C5-05C6-5BF2-ACE42193F22B}"
EndProject
Project("{FAE04EC0-301F-11D3-BF4B-00C04F79EFBC}") = "dotnet-processor", "services\dotnet-processor\dotnet-processor.csproj", "{08E3CDEE-D10E-1791-C02C-B567B604328C}"
EndProject
Global
	GlobalSection(SolutionConfigurationPlatforms) = preSolution
		Debug|Any CPU = Debug|Any CPU
		Release|Any CPU = Release|Any CPU
	EndGlobalSection
	GlobalSection(ProjectConfigurationPlatforms) = postSolution
		{08E3CDEE-D10E-1791-C02C-B567B604328C}.Debug|Any CPU.ActiveCfg = Debug|Any CPU
		{08E3CDEE-D10E-1791-C02C-B567B604328C}.Debug|Any CPU.Build.0 = Debug|Any CPU
		{08E3CDEE-D10E-1791-C02C-B567B604328C}.Release|Any CPU.ActiveCfg = Release|Any CPU
		{08E3CDEE-D10E-1791-C02C-B567B604328C}.Release|Any CPU.Build.0 = Release|Any CPU
	EndGlobalSection
	GlobalSection(SolutionProperties) = preSolution
		HideSolutionNode = FALSE
	EndGlobalSection
	GlobalSection(NestedProjects) = preSolution
		{08E3CDEE-D10E-1791-C02C-B567B604328C} = {5854FF58-B8C5-05C6-5BF2-ACE42193F22B}
	EndGlobalSection
	GlobalSection(ExtensibilityGlobals) = postSolution
		SolutionGuid = {ABD337A3-3F86-4741-B2BD-9CC04100CB5D}
	EndGlobalSection
EndGlobal
